# This file is autogenerated, do not edit; changes may be undone by the next 'dep ensure'.


[[projects]]
  digest = "1:a4556819828e6195bbb9919616b71b297f966902effad6c95031d6cc37d7e539"
  name = "github.com/DataDog/datadog-go"
  packages = ["statsd"]
  pruneopts = "UT"
  revision = "28444e0f62cb35a03a55c3666cbc65df1c073812"
  version = "v3.1.0"

[[projects]]
  branch = "master"
  digest = "1:87210ef51570d5dfaaab01c9a0af3c6e2ba04b7cc25ce57e026c7aa18796d36f"
  name = "github.com/DataDog/opencensus-go-exporter-datadog"
  packages = ["."]
  pruneopts = "UT"
  revision = "fe3fae706db1cdb6dd6c97b838c57637c15cfbbc"

[[projects]]
  branch = "master"
  digest = "1:b7cb6054d3dff43b38ad2e92492f220f57ae6087ee797dca298139776749ace8"
  name = "github.com/golang/groupcache"
  packages = ["lru"]
  pruneopts = "UT"
  revision = "4a4ac3fbac33b83bb138f808c8945a2812023fc4"

[[projects]]
  digest = "1:5e73b34a27d827212102605789de00bd411b2e434812133c83935fe9897c75e1"
  name = "github.com/philhofer/fwd"
  packages = ["."]
  pruneopts = "UT"
  revision = "bb6d471dc95d4fe11e432687f8b70ff496cf3136"
  version = "v1.0.0"

[[projects]]
  digest = "1:c97e8a5e5c435c3287f581cdb4441ba34577ec6ead8422bfedafa6269af7abf6"
  name = "github.com/tinylib/msgp"
  packages = ["msgp"]
  pruneopts = "UT"
  revision = "af6442a0fcf6e2a1b824f70dd0c734f01e817751"
  version = "v1.1.0"

[[projects]]
  digest = "1:74accd9945e4e51580cbe9b9428c228c1a7d37180cf2647ac33a1dff7197546a"
  name = "go.opencensus.io"
  packages = [
    ".",
    "internal",
    "internal/tagencoding",
    "metric/metricdata",
    "metric/metricproducer",
    "resource",
    "stats",
    "stats/internal",
    "stats/view",
    "tag",
    "trace",
    "trace/internal",
    "trace/tracestate",
  ]
  pruneopts = "UT"
  revision = "59d1ce35d30f3c25ba762169da2a37eab6ffa041"
  version = "v0.22.1"

[[projects]]
  digest = "1:08334cbdbc4021e4429e9ad5e9822a7ca5d31d846675ab405e3ad8f4179bd5ee"
  name = "gopkg.in/DataDog/dd-trace-go.v1"
  packages = ["ddtrace/ext"]
  pruneopts = "UT"
  revision = "c8d43ed9702794efc751dd8f7a74db45acefec90"
  version = "v1.18.0"

[solve-meta]
  analyzer-name = "dep"
  analyzer-version = 1
  input-imports = [
    "github.com/DataDog/opencensus-go-exporter-datadog",
    "go.opencensus.io/stats",
    "go.opencensus.io/stats/view",
    "go.opencensus.io/tag",
  ]
  solver-name = "gps-cdcl"
  solver-version = 1
